
Microsoft Visual Studio Solution File, Format Version 12.00
# Visual Studio 2013
VisualStudioVersion = 12.0.31101.0
MinimumVisualStudioVersion = 10.0.40219.1
Project("{FAE04EC0-301F-11D3-BF4B-00C04F79EFBC}") = "Snake.Client", "Snake.Client\Snake.Client.csproj", "{473BB6AE-C0F9-4A8A-918F-2AD4382DE52C}"
EndProject
Project("{FAE04EC0-301F-11D3-BF4B-00C04F79EFBC}") = "Snake.Server", "Snake.Server\Snake.Server.csproj", "{484C8BE5-692C-4D43-AC3C-E2307D01076D}"
EndProject
Global
	GlobalSection(SolutionConfigurationPlatforms) = preSolution
		Debug|Any CPU = Debug|Any CPU
		Release|Any CPU = Release|Any CPU
	EndGlobalSection
	GlobalSection(ProjectConfigurationPlatforms) = postSolution
		{473BB6AE-C0F9-4A8A-918F-2AD4382DE52C}.Debug|Any CPU.ActiveCfg = Debug|Any CPU
		{473BB6AE-C0F9-4A8A-918F-2AD4382DE52C}.Debug|Any CPU.Build.0 = Debug|Any CPU
		{473BB6AE-C0F9-4A8A-918F-2AD4382DE52C}.Release|Any CPU.ActiveCfg = Release|Any CPU
		{473BB6AE-C0F9-4A8A-918F-2AD4382DE52C}.Release|Any CPU.Build.0 = Release|Any CPU
		{484C8BE5-692C-4D43-AC3C-E2307D01076D}.Debug|Any CPU.ActiveCfg = Debug|Any CPU
		{484C8BE5-692C-4D43-AC3C-E2307D01076D}.Debug|Any CPU.Build.0 = Debug|Any CPU
		{484C8BE5-692C-4D43-AC3C-E2307D01076D}.Release|Any CPU.ActiveCfg = Release|Any CPU
		{484C8BE5-692C-4D43-AC3C-E2307D01076D}.Release|Any CPU.Build.0 = Release|Any CPU
	EndGlobalSection
	GlobalSection(SolutionProperties) = preSolution
		HideSolutionNode = FALSE
	EndGlobalSection
EndGlobal
